<?xml version="1.0" encoding="utf-8"?>
<Project ToolsVersion="4.0" xmlns="http://schemas.microsoft.com/developer/msbuild/2003">
  <ItemGroup>
    <Filter Include="Source Files">
      <UniqueIdentifier>{4FC737F1-C7A5-4376-A066-2A32D752A2FF}</UniqueIdentifier>
      <Extensions>cpp;c;cc;cxx;def;odl;idl;hpj;bat;asm;asmx</Extensions>
    </Filter>
    <Filter Include="Header Files">
      <UniqueIdentifier>{93995380-89BD-4b04-88EB-625FBE52EBFB}</UniqueIdentifier>
      <Extensions>h;hh;hpp;hxx;hm;inl;inc;xsd</Extensions>
    </Filter>
    <Filter Include="Resource Files">
      <UniqueIdentifier>{D9D6E242-F8AF-46E4-B9FD-80ECBC20BA3E}</UniqueIdentifier>
      <Extensions>qrc;*</Extensions>
      <ParseFiles>false</ParseFiles>
    </Filter>
    <Filter Include="Form Files">
      <UniqueIdentifier>{99349809-55BA-4b9d-BF79-8FDBB0286EB3}</UniqueIdentifier>
      <Extensions>ui</Extensions>
    </Filter>
    <Filter Include="Resource Files">
      <UniqueIdentifier>{D9D6E242-F8AF-46E4-B9FD-80ECBC20BA3E}</UniqueIdentifier>
      <Extensions>qrc;*</Extensions>
      <ParseFiles>false</ParseFiles>
    </Filter>
  </ItemGroup>
  <ItemGroup>
    <ClCompile Include="main.cpp">
      <Filter>Source Files</Filter>
    </ClCompile>
    <ClCompile Include="MiddleByValueSet.cpp">
      <Filter>Source Files</Filter>
    </ClCompile>
    <ClCompile Include="MyPublisherFullSpeedThread.cpp">
      <Filter>Source Files</Filter>
    </ClCompile>
    <ClCompile Include="MyPublisherRealTimer.cpp">
      <Filter>Source Files</Filter>
    </ClCompile>
    <ClCompile Include="MyPublisherRealTimerTest.cpp">
      <Filter>Source Files</Filter>
    </ClCompile>
    <ClCompile Include="MyPublisherRealTimerTestTwo.cpp">
      <Filter>Source Files</Filter>
    </ClCompile>
    <ClCompile Include="MyPublisherTimer.cpp">
      <Filter>Source Files</Filter>
    </ClCompile>
    <ClCompile Include="MyPubSubscriberThread.cpp">
      <Filter>Source Files</Filter>
    </ClCompile>
    <ClCompile Include="QtMyTextEdit.cpp">
      <Filter>Source Files</Filter>
    </ClCompile>
    <ClCompile Include="qtsettingset.cpp">
      <Filter>Source Files</Filter>
    </ClCompile>
    <ClCompile Include="RealDataDealTimer.cpp">
      <Filter>Source Files</Filter>
    </ClCompile>
    <ClCompile Include="RealDataDealTimerTwo.cpp">
      <Filter>Source Files</Filter>
    </ClCompile>
    <ClCompile Include="SimCentreDDS.cpp">
      <Filter>Source Files</Filter>
    </ClCompile>
    <ClCompile Include="MapSet.cpp">
      <Filter>Source Files</Filter>
    </ClCompile>
    <ClCompile Include="SimCentrePublisher.cpp">
      <Filter>Source Files</Filter>
    </ClCompile>
    <ClCompile Include="SimCentrePubSubTypes.cxx">
      <Filter>Source Files</Filter>
    </ClCompile>
    <ClCompile Include="SimCentreSubscriber.cpp">
      <Filter>Source Files</Filter>
    </ClCompile>
    <ClCompile Include="SimDataAnalysis.cpp">
      <Filter>Source Files</Filter>
    </ClCompile>
    <ClCompile Include="simdds.cpp">
      <Filter>Source Files</Filter>
    </ClCompile>
    <ClCompile Include="SimMessage.cxx">
      <Filter>Source Files</Filter>
    </ClCompile>
    <ClCompile Include="simplelog.cpp">
      <Filter>Source Files</Filter>
    </ClCompile>
    <ClCompile Include="MyPublisherRealTimerTestone.cpp">
      <Filter>Source Files</Filter>
    </ClCompile>
    <ClCompile Include="MyPubCallbackSubscriber.cpp">
      <Filter>Source Files</Filter>
    </ClCompile>
    <ClCompile Include="MyPublisherRealTimerTestfirst.cpp">
      <Filter>Source Files</Filter>
    </ClCompile>
    <ClCompile Include="feedbackcorrunArrayTimer.cpp">
      <Filter>Source Files</Filter>
    </ClCompile>
  </ItemGroup>
  <ItemGroup>
    <QtMoc Include="SimCentreDDS.h">
      <Filter>Header Files</Filter>
    </QtMoc>
    <QtMoc Include="MyPublisherFullSpeedThread.h">
      <Filter>Header Files</Filter>
    </QtMoc>
    <QtMoc Include="MyPublisherRealTimer.h">
      <Filter>Header Files</Filter>
    </QtMoc>
    <QtMoc Include="MyPublisherRealTimerTest.h">
      <Filter>Header Files</Filter>
    </QtMoc>
    <QtMoc Include="MyPublisherRealTimerTestTwo.h">
      <Filter>Header Files</Filter>
    </QtMoc>
    <QtMoc Include="MyPublisherTimer.h">
      <Filter>Header Files</Filter>
    </QtMoc>
    <QtMoc Include="MyPubSubscriberThread.h">
      <Filter>Header Files</Filter>
    </QtMoc>
    <QtMoc Include="QtMyTextEdit.h">
      <Filter>Header Files</Filter>
    </QtMoc>
    <QtMoc Include="qtsettingset.h">
      <Filter>Header Files</Filter>
    </QtMoc>
    <QtMoc Include="RealDataDealTimer.h">
      <Filter>Header Files</Filter>
    </QtMoc>
    <QtMoc Include="RealDataDealTimerTwo.h">
      <Filter>Header Files</Filter>
    </QtMoc>
    <QtMoc Include="simplelog.h">
      <Filter>Header Files</Filter>
    </QtMoc>
    <QtMoc Include="MyPublisherRealTimerTestone.h">
      <Filter>Header Files</Filter>
    </QtMoc>
    <QtMoc Include="MyPublisherRealTimerTestfirst.h">
      <Filter>Header Files</Filter>
    </QtMoc>
  </ItemGroup>
  <ItemGroup>
    <QtUic Include="SimCentreDDS.ui">
      <Filter>Form Files</Filter>
    </QtUic>
  </ItemGroup>
  <ItemGroup>
    <QtRcc Include="SimCentreDDS.qrc">
      <Filter>Resource Files</Filter>
    </QtRcc>
  </ItemGroup>
  <ItemGroup>
    <ClInclude Include="MiddleByValueSet.h">
      <Filter>Header Files</Filter>
    </ClInclude>
    <ClInclude Include="qtglobalout.hpp">
      <Filter>Header Files</Filter>
    </ClInclude>
    <ClInclude Include="qttestout.hpp">
      <Filter>Header Files</Filter>
    </ClInclude>
    <ClInclude Include="MapSet.h">
      <Filter>Header Files</Filter>
    </ClInclude>
    <ClInclude Include="SimCentrePublisher.h">
      <Filter>Header Files</Filter>
    </ClInclude>
    <ClInclude Include="SimCentrePubSubTypes.h">
      <Filter>Header Files</Filter>
    </ClInclude>
    <ClInclude Include="SimCentreSubscriber.h">
      <Filter>Header Files</Filter>
    </ClInclude>
    <ClInclude Include="SimDataAnalysis.h">
      <Filter>Header Files</Filter>
    </ClInclude>
    <ClInclude Include="simdds.h">
      <Filter>Header Files</Filter>
    </ClInclude>
    <ClInclude Include="SimMessage.h">
      <Filter>Header Files</Filter>
    </ClInclude>
    <ClInclude Include="SimMessageDDs.h">
      <Filter>Header Files</Filter>
    </ClInclude>
    <ClInclude Include="MyPubCallbackSubscriber.h">
      <Filter>Header Files</Filter>
    </ClInclude>
    <ClInclude Include="feedbackcorrunArrayTimer.h">
      <Filter>Header Files</Filter>
    </ClInclude>
  </ItemGroup>
</Project>